
Microsoft Visual Studio Solution File, Format Version 12.00
# Visual Studio Version 17
VisualStudioVersion = 17.13.35919.96
MinimumVisualStudioVersion = 10.0.40219.1
Project("{2150E333-8FDC-42A3-9474-1A3956D46DE8}") = "Services", "Services", "{02EA681E-C7D8-13C7-8484-4AC65E1B71E8}"
EndProject
Project("{2150E333-8FDC-42A3-9474-1A3956D46DE8}") = "Catalog", "Catalog", "{FA70A144-8D55-4DA5-ACAA-76BB5D07E88B}"
EndProject
Project("{FAE04EC0-301F-11D3-BF4B-00C04F79EFBC}") = "Catalog.API", "Services\Catalog\Catalog.API\Catalog.API.csproj", "{CE026A4B-876D-498F-87A9-851BCF0B5E74}"
EndProject
Global
	GlobalSection(SolutionConfigurationPlatforms) = preSolution
		Debug|Any CPU = Debug|Any CPU
		Release|Any CPU = Release|Any CPU
	EndGlobalSection
	GlobalSection(ProjectConfigurationPlatforms) = postSolution
		{CE026A4B-876D-498F-87A9-851BCF0B5E74}.Debug|Any CPU.ActiveCfg = Debug|Any CPU
		{CE026A4B-876D-498F-87A9-851BCF0B5E74}.Debug|Any CPU.Build.0 = Debug|Any CPU
		{CE026A4B-876D-498F-87A9-851BCF0B5E74}.Release|Any CPU.ActiveCfg = Release|Any CPU
		{CE026A4B-876D-498F-87A9-851BCF0B5E74}.Release|Any CPU.Build.0 = Release|Any CPU
	EndGlobalSection
	GlobalSection(SolutionProperties) = preSolution
		HideSolutionNode = FALSE
	EndGlobalSection
	GlobalSection(NestedProjects) = preSolution
		{FA70A144-8D55-4DA5-ACAA-76BB5D07E88B} = {02EA681E-C7D8-13C7-8484-4AC65E1B71E8}
		{CE026A4B-876D-498F-87A9-851BCF0B5E74} = {FA70A144-8D55-4DA5-ACAA-76BB5D07E88B}
	EndGlobalSection
	GlobalSection(ExtensibilityGlobals) = postSolution
		SolutionGuid = {E6E81481-F49C-4B92-AFC2-21E8B6D1733B}
	EndGlobalSection
EndGlobal
